
Microsoft Visual Studio Solution File, Format Version 12.00
# Visual Studio Version 17
VisualStudioVersion = 17.0.32112.339
MinimumVisualStudioVersion = 10.0.40219.1
Project("{FAE04EC0-301F-11D3-BF4B-00C04F79EFBC}") = "IOC", "IOC\IOC.csproj", "{9BFD459B-D4EE-4D11-B417-A01F3AEDF39F}"
EndProject
Global
	GlobalSection(SolutionConfigurationPlatforms) = preSolution
		Debug|Any CPU = Debug|Any CPU
		Release|Any CPU = Release|Any CPU
	EndGlobalSection
	GlobalSection(ProjectConfigurationPlatforms) = postSolution
		{9BFD459B-D4EE-4D11-B417-A01F3AEDF39F}.Debug|Any CPU.ActiveCfg = Debug|Any CPU
		{9BFD459B-D4EE-4D11-B417-A01F3AEDF39F}.Debug|Any CPU.Build.0 = Debug|Any CPU
		{9BFD459B-D4EE-4D11-B417-A01F3AEDF39F}.Release|Any CPU.ActiveCfg = Release|Any CPU
		{9BFD459B-D4EE-4D11-B417-A01F3AEDF39F}.Release|Any CPU.Build.0 = Release|Any CPU
	EndGlobalSection
	GlobalSection(SolutionProperties) = preSolution
		HideSolutionNode = FALSE
	EndGlobalSection
	GlobalSection(ExtensibilityGlobals) = postSolution
		SolutionGuid = {F91ED445-2591-4660-8DE9-F631E9EFA099}
	EndGlobalSection
EndGlobal
